
Microsoft Visual Studio Solution File, Format Version 12.00
# Visual Studio 2012
Project("{FAE04EC0-301F-11D3-BF4B-00C04F79EFBC}") = "NkjSoft.Web.UI", "NkjSoft.Web.UI\NkjSoft.Web.UI\NkjSoft.Web.UI.csproj", "{811A64F9-7FDA-4396-9F5A-C240247BD34B}"
EndProject
Project("{2150E333-8FDC-42A3-9474-1A3956D46DE8}") = "Service", "Service", "{175C14D9-A5B6-4E2A-BA39-882E3A3EF378}"
EndProject
Project("{2150E333-8FDC-42A3-9474-1A3956D46DE8}") = "Core", "Core", "{16FE732F-E8FC-4069-9016-A0F323C70550}"
EndProject
Project("{2150E333-8FDC-42A3-9474-1A3956D46DE8}") = "Site", "Site", "{FD66B11B-2DE0-4DD3-82CF-994DCAB5BE6D}"
EndProject
Project("{2150E333-8FDC-42A3-9474-1A3956D46DE8}") = "Component", "Component", "{231B5B8C-E2AC-44D3-A968-D85A49CF7A64}"
EndProject
Project("{FAE04EC0-301F-11D3-BF4B-00C04F79EFBC}") = "NkjSoft.ApplicationService", "NkjSoft.ApplicationService\NkjSoft.ApplicationService.csproj", "{288272D6-96ED-4F7D-AA70-A87034FD627A}"
EndProject
Project("{2150E333-8FDC-42A3-9474-1A3956D46DE8}") = "ApplicationService", "ApplicationService", "{E3FCA214-BD66-40B3-833A-66F28C133DD1}"
EndProject
Project("{FAE04EC0-301F-11D3-BF4B-00C04F79EFBC}") = "NkjSoft.ServiceContracts", "NkjSoft.ServiceContracts\NkjSoft.ServiceContracts.csproj", "{C4E03E9B-20C2-40A4-9C33-94C6C439CF16}"
EndProject
Project("{FAE04EC0-301F-11D3-BF4B-00C04F79EFBC}") = "NkjSoft.Services", "NkjSoft.Services\NkjSoft.Services.csproj", "{15B3E0D2-6217-493A-A690-158C497F5318}"
EndProject
Project("{FAE04EC0-301F-11D3-BF4B-00C04F79EFBC}") = "NkjSoft.Framework", "NkjSoft.Framework\NkjSoft.Framework.csproj", "{F6FFE67F-A846-40F5-9BDF-907D1CB18F5B}"
EndProject
Project("{FAE04EC0-301F-11D3-BF4B-00C04F79EFBC}") = "NkjSoft.Models.T4", "NkjSoft.Models.T4\NkjSoft.Models.T4.csproj", "{7D2FDC48-ED77-47CC-9B73-D8880D549D4E}"
EndProject
Project("{FAE04EC0-301F-11D3-BF4B-00C04F79EFBC}") = "NkjSoft.Framework.Data", "NkjSoft.Framework.Data\NkjSoft.Framework.Data.csproj", "{479EC57D-4C1E-4A78-823A-57F597AC3ED5}"
EndProject
Project("{FAE04EC0-301F-11D3-BF4B-00C04F79EFBC}") = "NkjSoft.Core.Models", "NkjSoft.Core.Models\NkjSoft.Core.Models.csproj", "{37173286-55D8-4B46-A114-7D01D709F268}"
EndProject
Project("{FAE04EC0-301F-11D3-BF4B-00C04F79EFBC}") = "NkjSoft.Core.Data", "NkjSoft.Core.Data\NkjSoft.Core.Data.csproj", "{EBA7BD18-8758-4EAA-8839-6218B1EF2665}"
EndProject
Project("{2150E333-8FDC-42A3-9474-1A3956D46DE8}") = "Test", "Test", "{1B390557-323D-4374-8C58-95D4287AB7CE}"
EndProject
Project("{FAE04EC0-301F-11D3-BF4B-00C04F79EFBC}") = "MEFTest", "Test\MEFTest\MEFTest.csproj", "{C83103FD-BA25-41BD-83F4-BDB0BC1BBBC5}"
EndProject
Project("{2150E333-8FDC-42A3-9474-1A3956D46DE8}") = "Doc", "Doc", "{38C1A582-4333-48FF-BD8F-FBE882DEB9D7}"
	ProjectSection(SolutionItems) = preProject
		NkjSoft.Doc\dbo.Menu.sql = NkjSoft.Doc\dbo.Menu.sql
		NkjSoft.Doc\dbo.MenusInRoles.sql = NkjSoft.Doc\dbo.MenusInRoles.sql
		NkjSoft.Doc\福建职业培训网站-用户需求说明书-V1.2.doc = NkjSoft.Doc\福建职业培训网站-用户需求说明书-V1.2.doc
		NkjSoft.Doc\福建职业培训网站-用户需求说明书-V1.3.doc = NkjSoft.Doc\福建职业培训网站-用户需求说明书-V1.3.doc
	EndProjectSection
EndProject
Project("{2150E333-8FDC-42A3-9474-1A3956D46DE8}") = "Database.Design", "Database.Design", "{F65F565E-3ADA-4EED-AC06-F6BE9EE65A91}"
	ProjectSection(SolutionItems) = preProject
		NkjSoft.Doc\Database.Design\打开笔记本.onetoc2 = NkjSoft.Doc\Database.Design\打开笔记本.onetoc2
		NkjSoft.Doc\Database.Design\数据库草稿.one = NkjSoft.Doc\Database.Design\数据库草稿.one
	EndProjectSection
EndProject
Project("{2150E333-8FDC-42A3-9474-1A3956D46DE8}") = "Site.FrontEnd.Html", "Site.FrontEnd.Html", "{91978D1B-31E4-48DD-BC11-620C5C4ECBE8}"
EndProject
Project("{FAE04EC0-301F-11D3-BF4B-00C04F79EFBC}") = "AdvistoryTrainingSite", "AdvistoryTraining\AdvistoryTrainingSite\AdvistoryTrainingSite.csproj", "{8BA44E26-9624-4B09-8F70-EAD01C191D9F}"
EndProject
Global
	GlobalSection(SolutionConfigurationPlatforms) = preSolution
		Debug|Any CPU = Debug|Any CPU
		Debug|Mixed Platforms = Debug|Mixed Platforms
		Debug|x86 = Debug|x86
		Release|Any CPU = Release|Any CPU
		Release|Mixed Platforms = Release|Mixed Platforms
		Release|x86 = Release|x86
	EndGlobalSection
	GlobalSection(ProjectConfigurationPlatforms) = postSolution
		{811A64F9-7FDA-4396-9F5A-C240247BD34B}.Debug|Any CPU.ActiveCfg = Debug|Any CPU
		{811A64F9-7FDA-4396-9F5A-C240247BD34B}.Debug|Any CPU.Build.0 = Debug|Any CPU
		{811A64F9-7FDA-4396-9F5A-C240247BD34B}.Debug|Mixed Platforms.ActiveCfg = Debug|Any CPU
		{811A64F9-7FDA-4396-9F5A-C240247BD34B}.Debug|Mixed Platforms.Build.0 = Debug|Any CPU
		{811A64F9-7FDA-4396-9F5A-C240247BD34B}.Debug|x86.ActiveCfg = Debug|Any CPU
		{811A64F9-7FDA-4396-9F5A-C240247BD34B}.Release|Any CPU.ActiveCfg = Release|Any CPU
		{811A64F9-7FDA-4396-9F5A-C240247BD34B}.Release|Any CPU.Build.0 = Release|Any CPU
		{811A64F9-7FDA-4396-9F5A-C240247BD34B}.Release|Mixed Platforms.ActiveCfg = Release|Any CPU
		{811A64F9-7FDA-4396-9F5A-C240247BD34B}.Release|Mixed Platforms.Build.0 = Release|Any CPU
		{811A64F9-7FDA-4396-9F5A-C240247BD34B}.Release|x86.ActiveCfg = Release|Any CPU
		{288272D6-96ED-4F7D-AA70-A87034FD627A}.Debug|Any CPU.ActiveCfg = Debug|Any CPU
		{288272D6-96ED-4F7D-AA70-A87034FD627A}.Debug|Any CPU.Build.0 = Debug|Any CPU
		{288272D6-96ED-4F7D-AA70-A87034FD627A}.Debug|Mixed Platforms.ActiveCfg = Debug|Any CPU
		{288272D6-96ED-4F7D-AA70-A87034FD627A}.Debug|Mixed Platforms.Build.0 = Debug|Any CPU
		{288272D6-96ED-4F7D-AA70-A87034FD627A}.Debug|x86.ActiveCfg = Debug|Any CPU
		{288272D6-96ED-4F7D-AA70-A87034FD627A}.Release|Any CPU.ActiveCfg = Release|Any CPU
		{288272D6-96ED-4F7D-AA70-A87034FD627A}.Release|Any CPU.Build.0 = Release|Any CPU
		{288272D6-96ED-4F7D-AA70-A87034FD627A}.Release|Mixed Platforms.ActiveCfg = Release|Any CPU
		{288272D6-96ED-4F7D-AA70-A87034FD627A}.Release|Mixed Platforms.Build.0 = Release|Any CPU
		{288272D6-96ED-4F7D-AA70-A87034FD627A}.Release|x86.ActiveCfg = Release|Any CPU
		{C4E03E9B-20C2-40A4-9C33-94C6C439CF16}.Debug|Any CPU.ActiveCfg = Debug|Any CPU
		{C4E03E9B-20C2-40A4-9C33-94C6C439CF16}.Debug|Any CPU.Build.0 = Debug|Any CPU
		{C4E03E9B-20C2-40A4-9C33-94C6C439CF16}.Debug|Mixed Platforms.ActiveCfg = Debug|Any CPU
		{C4E03E9B-20C2-40A4-9C33-94C6C439CF16}.Debug|Mixed Platforms.Build.0 = Debug|Any CPU
		{C4E03E9B-20C2-40A4-9C33-94C6C439CF16}.Debug|x86.ActiveCfg = Debug|Any CPU
		{C4E03E9B-20C2-40A4-9C33-94C6C439CF16}.Release|Any CPU.ActiveCfg = Release|Any CPU
		{C4E03E9B-20C2-40A4-9C33-94C6C439CF16}.Release|Any CPU.Build.0 = Release|Any CPU
		{C4E03E9B-20C2-40A4-9C33-94C6C439CF16}.Release|Mixed Platforms.ActiveCfg = Release|Any CPU
		{C4E03E9B-20C2-40A4-9C33-94C6C439CF16}.Release|Mixed Platforms.Build.0 = Release|Any CPU
		{C4E03E9B-20C2-40A4-9C33-94C6C439CF16}.Release|x86.ActiveCfg = Release|Any CPU
		{15B3E0D2-6217-493A-A690-158C497F5318}.Debug|Any CPU.ActiveCfg = Debug|Any CPU
		{15B3E0D2-6217-493A-A690-158C497F5318}.Debug|Any CPU.Build.0 = Debug|Any CPU
		{15B3E0D2-6217-493A-A690-158C497F5318}.Debug|Mixed Platforms.ActiveCfg = Debug|Any CPU
		{15B3E0D2-6217-493A-A690-158C497F5318}.Debug|Mixed Platforms.Build.0 = Debug|Any CPU
		{15B3E0D2-6217-493A-A690-158C497F5318}.Debug|x86.ActiveCfg = Debug|Any CPU
		{15B3E0D2-6217-493A-A690-158C497F5318}.Release|Any CPU.ActiveCfg = Release|Any CPU
		{15B3E0D2-6217-493A-A690-158C497F5318}.Release|Any CPU.Build.0 = Release|Any CPU
		{15B3E0D2-6217-493A-A690-158C497F5318}.Release|Mixed Platforms.ActiveCfg = Release|Any CPU
		{15B3E0D2-6217-493A-A690-158C497F5318}.Release|Mixed Platforms.Build.0 = Release|Any CPU
		{15B3E0D2-6217-493A-A690-158C497F5318}.Release|x86.ActiveCfg = Release|Any CPU
		{F6FFE67F-A846-40F5-9BDF-907D1CB18F5B}.Debug|Any CPU.ActiveCfg = Debug|Any CPU
		{F6FFE67F-A846-40F5-9BDF-907D1CB18F5B}.Debug|Any CPU.Build.0 = Debug|Any CPU
		{F6FFE67F-A846-40F5-9BDF-907D1CB18F5B}.Debug|Mixed Platforms.ActiveCfg = Debug|Any CPU
		{F6FFE67F-A846-40F5-9BDF-907D1CB18F5B}.Debug|Mixed Platforms.Build.0 = Debug|Any CPU
		{F6FFE67F-A846-40F5-9BDF-907D1CB18F5B}.Debug|x86.ActiveCfg = Debug|Any CPU
		{F6FFE67F-A846-40F5-9BDF-907D1CB18F5B}.Release|Any CPU.ActiveCfg = Release|Any CPU
		{F6FFE67F-A846-40F5-9BDF-907D1CB18F5B}.Release|Any CPU.Build.0 = Release|Any CPU
		{F6FFE67F-A846-40F5-9BDF-907D1CB18F5B}.Release|Mixed Platforms.ActiveCfg = Release|Any CPU
		{F6FFE67F-A846-40F5-9BDF-907D1CB18F5B}.Release|Mixed Platforms.Build.0 = Release|Any CPU
		{F6FFE67F-A846-40F5-9BDF-907D1CB18F5B}.Release|x86.ActiveCfg = Release|Any CPU
		{7D2FDC48-ED77-47CC-9B73-D8880D549D4E}.Debug|Any CPU.ActiveCfg = Debug|Any CPU
		{7D2FDC48-ED77-47CC-9B73-D8880D549D4E}.Debug|Any CPU.Build.0 = Debug|Any CPU
		{7D2FDC48-ED77-47CC-9B73-D8880D549D4E}.Debug|Mixed Platforms.ActiveCfg = Debug|Any CPU
		{7D2FDC48-ED77-47CC-9B73-D8880D549D4E}.Debug|Mixed Platforms.Build.0 = Debug|Any CPU
		{7D2FDC48-ED77-47CC-9B73-D8880D549D4E}.Debug|x86.ActiveCfg = Debug|Any CPU
		{7D2FDC48-ED77-47CC-9B73-D8880D549D4E}.Release|Any CPU.ActiveCfg = Release|Any CPU
		{7D2FDC48-ED77-47CC-9B73-D8880D549D4E}.Release|Any CPU.Build.0 = Release|Any CPU
		{7D2FDC48-ED77-47CC-9B73-D8880D549D4E}.Release|Mixed Platforms.ActiveCfg = Release|Any CPU
		{7D2FDC48-ED77-47CC-9B73-D8880D549D4E}.Release|Mixed Platforms.Build.0 = Release|Any CPU
		{7D2FDC48-ED77-47CC-9B73-D8880D549D4E}.Release|x86.ActiveCfg = Release|Any CPU
		{479EC57D-4C1E-4A78-823A-57F597AC3ED5}.Debug|Any CPU.ActiveCfg = Debug|Any CPU
		{479EC57D-4C1E-4A78-823A-57F597AC3ED5}.Debug|Any CPU.Build.0 = Debug|Any CPU
		{479EC57D-4C1E-4A78-823A-57F597AC3ED5}.Debug|Mixed Platforms.ActiveCfg = Debug|Any CPU
		{479EC57D-4C1E-4A78-823A-57F597AC3ED5}.Debug|Mixed Platforms.Build.0 = Debug|Any CPU
		{479EC57D-4C1E-4A78-823A-57F597AC3ED5}.Debug|x86.ActiveCfg = Debug|Any CPU
		{479EC57D-4C1E-4A78-823A-57F597AC3ED5}.Release|Any CPU.ActiveCfg = Release|Any CPU
		{479EC57D-4C1E-4A78-823A-57F597AC3ED5}.Release|Any CPU.Build.0 = Release|Any CPU
		{479EC57D-4C1E-4A78-823A-57F597AC3ED5}.Release|Mixed Platforms.ActiveCfg = Release|Any CPU
		{479EC57D-4C1E-4A78-823A-57F597AC3ED5}.Release|Mixed Platforms.Build.0 = Release|Any CPU
		{479EC57D-4C1E-4A78-823A-57F597AC3ED5}.Release|x86.ActiveCfg = Release|Any CPU
		{37173286-55D8-4B46-A114-7D01D709F268}.Debug|Any CPU.ActiveCfg = Debug|Any CPU
		{37173286-55D8-4B46-A114-7D01D709F268}.Debug|Any CPU.Build.0 = Debug|Any CPU
		{37173286-55D8-4B46-A114-7D01D709F268}.Debug|Mixed Platforms.ActiveCfg = Debug|Any CPU
		{37173286-55D8-4B46-A114-7D01D709F268}.Debug|Mixed Platforms.Build.0 = Debug|Any CPU
		{37173286-55D8-4B46-A114-7D01D709F268}.Debug|x86.ActiveCfg = Debug|Any CPU
		{37173286-55D8-4B46-A114-7D01D709F268}.Release|Any CPU.ActiveCfg = Release|Any CPU
		{37173286-55D8-4B46-A114-7D01D709F268}.Release|Any CPU.Build.0 = Release|Any CPU
		{37173286-55D8-4B46-A114-7D01D709F268}.Release|Mixed Platforms.ActiveCfg = Release|Any CPU
		{37173286-55D8-4B46-A114-7D01D709F268}.Release|Mixed Platforms.Build.0 = Release|Any CPU
		{37173286-55D8-4B46-A114-7D01D709F268}.Release|x86.ActiveCfg = Release|Any CPU
		{EBA7BD18-8758-4EAA-8839-6218B1EF2665}.Debug|Any CPU.ActiveCfg = Debug|Any CPU
		{EBA7BD18-8758-4EAA-8839-6218B1EF2665}.Debug|Any CPU.Build.0 = Debug|Any CPU
		{EBA7BD18-8758-4EAA-8839-6218B1EF2665}.Debug|Mixed Platforms.ActiveCfg = Debug|Any CPU
		{EBA7BD18-8758-4EAA-8839-6218B1EF2665}.Debug|Mixed Platforms.Build.0 = Debug|Any CPU
		{EBA7BD18-8758-4EAA-8839-6218B1EF2665}.Debug|x86.ActiveCfg = Debug|Any CPU
		{EBA7BD18-8758-4EAA-8839-6218B1EF2665}.Release|Any CPU.ActiveCfg = Release|Any CPU
		{EBA7BD18-8758-4EAA-8839-6218B1EF2665}.Release|Any CPU.Build.0 = Release|Any CPU
		{EBA7BD18-8758-4EAA-8839-6218B1EF2665}.Release|Mixed Platforms.ActiveCfg = Release|Any CPU
		{EBA7BD18-8758-4EAA-8839-6218B1EF2665}.Release|Mixed Platforms.Build.0 = Release|Any CPU
		{EBA7BD18-8758-4EAA-8839-6218B1EF2665}.Release|x86.ActiveCfg = Release|Any CPU
		{C83103FD-BA25-41BD-83F4-BDB0BC1BBBC5}.Debug|Any CPU.ActiveCfg = Debug|Any CPU
		{C83103FD-BA25-41BD-83F4-BDB0BC1BBBC5}.Debug|Any CPU.Build.0 = Debug|Any CPU
		{C83103FD-BA25-41BD-83F4-BDB0BC1BBBC5}.Debug|Mixed Platforms.ActiveCfg = Debug|Any CPU
		{C83103FD-BA25-41BD-83F4-BDB0BC1BBBC5}.Debug|Mixed Platforms.Build.0 = Debug|Any CPU
		{C83103FD-BA25-41BD-83F4-BDB0BC1BBBC5}.Debug|x86.ActiveCfg = Debug|Any CPU
		{C83103FD-BA25-41BD-83F4-BDB0BC1BBBC5}.Release|Any CPU.ActiveCfg = Release|Any CPU
		{C83103FD-BA25-41BD-83F4-BDB0BC1BBBC5}.Release|Any CPU.Build.0 = Release|Any CPU
		{C83103FD-BA25-41BD-83F4-BDB0BC1BBBC5}.Release|Mixed Platforms.ActiveCfg = Release|Any CPU
		{C83103FD-BA25-41BD-83F4-BDB0BC1BBBC5}.Release|Mixed Platforms.Build.0 = Release|Any CPU
		{C83103FD-BA25-41BD-83F4-BDB0BC1BBBC5}.Release|x86.ActiveCfg = Release|Any CPU
		{8BA44E26-9624-4B09-8F70-EAD01C191D9F}.Debug|Any CPU.ActiveCfg = Debug|Any CPU
		{8BA44E26-9624-4B09-8F70-EAD01C191D9F}.Debug|Any CPU.Build.0 = Debug|Any CPU
		{8BA44E26-9624-4B09-8F70-EAD01C191D9F}.Debug|Mixed Platforms.ActiveCfg = Debug|Any CPU
		{8BA44E26-9624-4B09-8F70-EAD01C191D9F}.Debug|Mixed Platforms.Build.0 = Debug|Any CPU
		{8BA44E26-9624-4B09-8F70-EAD01C191D9F}.Debug|x86.ActiveCfg = Debug|Any CPU
		{8BA44E26-9624-4B09-8F70-EAD01C191D9F}.Release|Any CPU.ActiveCfg = Release|Any CPU
		{8BA44E26-9624-4B09-8F70-EAD01C191D9F}.Release|Any CPU.Build.0 = Release|Any CPU
		{8BA44E26-9624-4B09-8F70-EAD01C191D9F}.Release|Mixed Platforms.ActiveCfg = Release|Any CPU
		{8BA44E26-9624-4B09-8F70-EAD01C191D9F}.Release|Mixed Platforms.Build.0 = Release|Any CPU
		{8BA44E26-9624-4B09-8F70-EAD01C191D9F}.Release|x86.ActiveCfg = Release|Any CPU
	EndGlobalSection
	GlobalSection(SolutionProperties) = preSolution
		HideSolutionNode = FALSE
	EndGlobalSection
	GlobalSection(NestedProjects) = preSolution
		{C4E03E9B-20C2-40A4-9C33-94C6C439CF16} = {175C14D9-A5B6-4E2A-BA39-882E3A3EF378}
		{15B3E0D2-6217-493A-A690-158C497F5318} = {175C14D9-A5B6-4E2A-BA39-882E3A3EF378}
		{7D2FDC48-ED77-47CC-9B73-D8880D549D4E} = {16FE732F-E8FC-4069-9016-A0F323C70550}
		{37173286-55D8-4B46-A114-7D01D709F268} = {16FE732F-E8FC-4069-9016-A0F323C70550}
		{EBA7BD18-8758-4EAA-8839-6218B1EF2665} = {16FE732F-E8FC-4069-9016-A0F323C70550}
		{F6FFE67F-A846-40F5-9BDF-907D1CB18F5B} = {231B5B8C-E2AC-44D3-A968-D85A49CF7A64}
		{479EC57D-4C1E-4A78-823A-57F597AC3ED5} = {231B5B8C-E2AC-44D3-A968-D85A49CF7A64}
		{288272D6-96ED-4F7D-AA70-A87034FD627A} = {E3FCA214-BD66-40B3-833A-66F28C133DD1}
		{C83103FD-BA25-41BD-83F4-BDB0BC1BBBC5} = {1B390557-323D-4374-8C58-95D4287AB7CE}
		{F65F565E-3ADA-4EED-AC06-F6BE9EE65A91} = {38C1A582-4333-48FF-BD8F-FBE882DEB9D7}
		{8BA44E26-9624-4B09-8F70-EAD01C191D9F} = {91978D1B-31E4-48DD-BC11-620C5C4ECBE8}
	EndGlobalSection
EndGlobal
